{
  "requires": true,
  "lockfileVersion": 1,
  "dependencies": {
    "@sentry/browser": {
      "version": "5.24.2",
      "resolved": "https://registry.npm.taobao.org/@sentry/browser/download/@sentry/browser-5.24.2.tgz",
      "integrity": "sha1-4sJ4bb8HaZ7hLxK6vwE41jOrxJQ=",
      "requires": {
        "@sentry/core": "5.24.2",
        "@sentry/types": "5.24.2",
        "@sentry/utils": "5.24.2",
        "tslib": "^1.9.3"
      }
    },
    "@sentry/core": {
      "version": "5.24.2",
      "resolved": "https://registry.npm.taobao.org/@sentry/core/download/@sentry/core-5.24.2.tgz",
      "integrity": "sha1-FyRlKFXAiHppDD/GrNJRnUBytRE=",
      "requires": {
        "@sentry/hub": "5.24.2",
        "@sentry/minimal": "5.24.2",
        "@sentry/types": "5.24.2",
        "@sentry/utils": "5.24.2",
        "tslib": "^1.9.3"
      }
    },
    "@sentry/hub": {
      "version": "5.24.2",
      "resolved": "https://registry.npm.taobao.org/@sentry/hub/download/@sentry/hub-5.24.2.tgz",
      "integrity": "sha1-ZKAv1IdZmUXkiK4jq6TOTfRO554=",
      "requires": {
        "@sentry/types": "5.24.2",
        "@sentry/utils": "5.24.2",
        "tslib": "^1.9.3"
      }
    },
    "@sentry/integrations": {
      "version": "5.24.2",
      "resolved": "https://registry.npm.taobao.org/@sentry/integrations/download/@sentry/integrations-5.24.2.tgz",
      "integrity": "sha1-z7FMZEZdasuyeZlLioeo73J3YyA=",
      "requires": {
        "@sentry/types": "5.24.2",
        "@sentry/utils": "5.24.2",
        "localforage": "1.8.1",
        "tslib": "^1.9.3"
      }
    },
    "@sentry/minimal": {
      "version": "5.24.2",
      "resolved": "https://registry.npm.taobao.org/@sentry/minimal/download/@sentry/minimal-5.24.2.tgz",
      "integrity": "sha1-FOixNoQjmKMph0WfBXQ1m23Feh8=",
      "requires": {
        "@sentry/hub": "5.24.2",
        "@sentry/types": "5.24.2",
        "tslib": "^1.9.3"
      }
    },
    "@sentry/tracing": {
      "version": "5.24.2",
      "resolved": "https://registry.npm.taobao.org/@sentry/tracing/download/@sentry/tracing-5.24.2.tgz",
      "integrity": "sha1-o2tPm/aZxeB+maFINgCRyOcnxR8=",
      "requires": {
        "@sentry/hub": "5.24.2",
        "@sentry/minimal": "5.24.2",
        "@sentry/types": "5.24.2",
        "@sentry/utils": "5.24.2",
        "tslib": "^1.9.3"
      }
    },
    "@sentry/types": {
      "version": "5.24.2",
      "resolved": "https://registry.npm.taobao.org/@sentry/types/download/@sentry/types-5.24.2.tgz",
      "integrity": "sha1-4sJdHnXY2+xdu9mjCaMhQlthwso="
    },
    "@sentry/utils": {
      "version": "5.24.2",
      "resolved": "https://registry.npm.taobao.org/@sentry/utils/download/@sentry/utils-5.24.2.tgz",
      "integrity": "sha1-kLff+Tm7v0u47crGqsLQSgVSr4A=",
      "requires": {
        "@sentry/types": "5.24.2",
        "tslib": "^1.9.3"
      }
    },
    "immediate": {
      "version": "3.0.6",
      "resolved": "https://registry.npm.taobao.org/immediate/download/immediate-3.0.6.tgz",
      "integrity": "sha1-nbHb0Pr43m++D13V5Wu2BigN5ps="
    },
    "lie": {
      "version": "3.1.1",
      "resolved": "https://registry.npm.taobao.org/lie/download/lie-3.1.1.tgz",
      "integrity": "sha1-mkNrLMd0bKWd56QfpGmz77dr2H4=",
      "requires": {
        "immediate": "~3.0.5"
      }
    },
    "localforage": {
      "version": "1.8.1",
      "resolved": "https://registry.npm.taobao.org/localforage/download/localforage-1.8.1.tgz",
      "integrity": "sha1-9sCiS0GrM7EOTchDQt1pb28+NDM=",
      "requires": {
        "lie": "3.1.1"
      }
    },
    "tslib": {
      "version": "1.13.0",
      "resolved": "https://registry.npm.taobao.org/tslib/download/tslib-1.13.0.tgz?cache=0&sync_timestamp=1596752024863&other_urls=https%3A%2F%2Fregistry.npm.taobao.org%2Ftslib%2Fdownload%2Ftslib-1.13.0.tgz",
      "integrity": "sha1-yIHhPMcBWJTtkUhi0nZDb6mkcEM="
    }
  }
}
